{
  "name": "youch-terminal",
  "version": "1.0.0",
  "lockfileVersion": 1,
  "requires": true,
  "dependencies": {
    "cookie": {
      "version": "0.4.1",
      "resolved": "https://registry.npmjs.org/cookie/-/cookie-0.4.1.tgz",
      "integrity": "sha512-ZwrFkGJxUR3EIoXtO+yVE69Eb7KlixbaeAWfBQB9vVsNn/o+Yw69gBWSSDK825hQNdN+wF8zELf3dFNl/kxkUA==",
      "dev": true
    },
    "kleur": {
      "version": "4.1.3",
      "resolved": "https://registry.npmjs.org/kleur/-/kleur-4.1.3.tgz",
      "integrity": "sha512-H1tr8QP2PxFTNwAFM74Mui2b6ovcY9FoxJefgrwxY+OCJcq01k5nvhf4M/KnizzrJvLRap5STUy7dgDV35iUBw=="
    },
    "mustache": {
      "version": "4.0.1",
      "resolved": "https://registry.npmjs.org/mustache/-/mustache-4.0.1.tgz",
      "integrity": "sha512-yL5VE97+OXn4+Er3THSmTdCFCtx5hHWzrolvH+JObZnUYwuaG7XV+Ch4fR2cIrcYI0tFHxS7iyFYl14bW8y2sA==",
      "dev": true
    },
    "stack-trace": {
      "version": "0.0.10",
      "resolved": "https://registry.npmjs.org/stack-trace/-/stack-trace-0.0.10.tgz",
      "integrity": "sha1-VHxws0fo0ytOEI6hoqFZ5f3eGcA=",
      "dev": true
    },
    "youch": {
      "version": "2.1.0",
      "resolved": "https://registry.npmjs.org/youch/-/youch-2.1.0.tgz",
      "integrity": "sha512-9tgseOwdvMoOGKYJGla6YKi8lUQLko4y5hD5nb0B/CjYHgZr2DfmDiQzc1zWW9acAwy0/2g0fbxY7oQ6E9olGA==",
      "dev": true,
      "requires": {
        "cookie": "^0.4.1",
        "mustache": "^4.0.1",
        "stack-trace": "0.0.10"
      }
    }
  }
}
